# THIS IS AN AUTOGENERATED FILE. DO NOT EDIT THIS FILE DIRECTLY.
# yarn lockfile v1


immer@^2.0.0:
  version "2.1.5"
  resolved "http://r.tnpm.oa.com/immer/download/immer-2.1.5.tgz#0389947455c5a2c7a47f1e6f415c9d1a62a1ebed"
  integrity sha1-A4mUdFXFosekfx5vQVydGmKh6+0=

react-model@^2.7.2:
  version "2.7.2"
  resolved "https://registry.npmjs.org/react-model/-/react-model-2.7.2.tgz#4876e69ebd8081b044c1122f35e23ba7ced29c32"
  integrity sha512-K/XkTHak2gvfYfJI3USrGBRdn3YgbpedGtfNyIRpq2xDGORgivrwhfvDlyuWm69CkMl/DVzCIyhSFDqyP53Ghw==
  dependencies:
    immer "^2.0.0"
